# THIS IS AN AUTOGENERATED FILE. DO NOT EDIT THIS FILE DIRECTLY.
# yarn lockfile v1


"@types/node@^16.11.10":
  version "16.11.16"
  resolved "https://repo.dev.wixpress.com/artifactory/api/npm/npm-repos/@types/node/-/node-16.11.16.tgz#d43e1adeca5f6baaa74725725e8947b06c56b908"
  integrity sha1-1D4a3spfa6qnRyVyXolHsGxWuQg=

"@types/prop-types@*":
  version "15.7.4"
  resolved "https://repo.dev.wixpress.com/artifactory/api/npm/npm-repos/@types/prop-types/-/prop-types-15.7.4.tgz#fcf7205c25dff795ee79af1e30da2c9790808f11"
  integrity sha1-/PcgXCXf95Xuea8eMNosl5CAjxE=

"@types/react-reconciler@^0.26.4":
  version "0.26.4"
  resolved "https://repo.dev.wixpress.com/artifactory/api/npm/npm-repos/@types/react-reconciler/-/react-reconciler-0.26.4.tgz#651404be172cf29b65cddf246d8d964b4e448399"
  integrity sha1-ZRQEvhcs8ptlzd8kbY2WS05Eg5k=
  dependencies:
    "@types/react" "*"

"@types/react@*", "@types/react@^17.0.37":
  version "17.0.37"
  resolved "https://repo.dev.wixpress.com/artifactory/api/npm/npm-repos/@types/react/-/react-17.0.37.tgz#6884d0aa402605935c397ae689deed115caad959"
  integrity sha1-aITQqkAmBZNcOXrmid7tEVyq2Vk=
  dependencies:
    "@types/prop-types" "*"
    "@types/scheduler" "*"
    csstype "^3.0.2"

"@types/scheduler@*":
  version "0.16.2"
  resolved "https://repo.dev.wixpress.com/artifactory/api/npm/npm-repos/@types/scheduler/-/scheduler-0.16.2.tgz#1a62f89525723dde24ba1b01b092bf5df8ad4d39"
  integrity sha1-GmL4lSVyPd4kuhsBsJK/XfitTTk=

csstype@^3.0.2:
  version "3.0.10"
  resolved "https://repo.dev.wixpress.com/artifactory/api/npm/npm-repos/csstype/-/csstype-3.0.10.tgz#2ad3a7bed70f35b965707c092e5f30b327c290e5"
  integrity sha1-KtOnvtcPNbllcHwJLl8wsyfCkOU=

esbuild-android-arm64@0.14.8:
  version "0.14.8"
  resolved "https://repo.dev.wixpress.com/artifactory/api/npm/npm-repos/esbuild-android-arm64/-/esbuild-android-arm64-0.14.8.tgz#69324e08ba68c7d9a541e7b825d7235b83e17bd6"
  integrity sha1-aTJOCLpox9mlQee4JdcjW4Phe9Y=

esbuild-darwin-64@0.14.8:
  version "0.14.8"
  resolved "https://repo.dev.wixpress.com/artifactory/api/npm/npm-repos/esbuild-darwin-64/-/esbuild-darwin-64-0.14.8.tgz#7176b692b9de746ba2f9dd4dd81dc4f1b7670786"
  integrity sha1-cXa2krnedGui+d1N2B3E8bdnB4Y=

esbuild-darwin-arm64@0.14.8:
  version "0.14.8"
  resolved "https://repo.dev.wixpress.com/artifactory/api/npm/npm-repos/esbuild-darwin-arm64/-/esbuild-darwin-arm64-0.14.8.tgz#59167584e58428877e48e05c4cca58755f843327"
  integrity sha1-WRZ1hOWEKId+SOBcTMpYdV+EMyc=

esbuild-freebsd-64@0.14.8:
  version "0.14.8"
  resolved "https://repo.dev.wixpress.com/artifactory/api/npm/npm-repos/esbuild-freebsd-64/-/esbuild-freebsd-64-0.14.8.tgz#00b7d6e00abba9c2eccc9acd576c796333671e9c"
  integrity sha1-ALfW4Aq7qcLszJrNV2x5YzNnHpw=

esbuild-freebsd-arm64@0.14.8:
  version "0.14.8"
  resolved "https://repo.dev.wixpress.com/artifactory/api/npm/npm-repos/esbuild-freebsd-arm64/-/esbuild-freebsd-arm64-0.14.8.tgz#57f0cd5a1cb37fa2c0e84e780677fe62f1e8c894"
  integrity sha1-V/DNWhyzf6LA6E54Bnf+YvHoyJQ=

esbuild-linux-32@0.14.8:
  version "0.14.8"
  resolved "https://repo.dev.wixpress.com/artifactory/api/npm/npm-repos/esbuild-linux-32/-/esbuild-linux-32-0.14.8.tgz#bbf3e5d3fb30f949030d0c2241ac93a172917d56"
  integrity sha1-u/Pl0/sw+UkDDQwiQayToXKRfVY=

esbuild-linux-64@0.14.8:
  version "0.14.8"
  resolved "https://repo.dev.wixpress.com/artifactory/api/npm/npm-repos/esbuild-linux-64/-/esbuild-linux-64-0.14.8.tgz#08631e9e0da613603bcec782f29fecbc6f4596de"
  integrity sha1-CGMeng2mE2A7zseC8p/svG9Flt4=

esbuild-linux-arm64@0.14.8:
  version "0.14.8"
  resolved "https://repo.dev.wixpress.com/artifactory/api/npm/npm-repos/esbuild-linux-arm64/-/esbuild-linux-arm64-0.14.8.tgz#206d39c8dfbb7c72aa2f5fc52f7402b5b8a77366"
  integrity sha1-IG05yN+7fHKqL1/FL3QCtbinc2Y=

esbuild-linux-arm@0.14.8:
  version "0.14.8"
  resolved "https://repo.dev.wixpress.com/artifactory/api/npm/npm-repos/esbuild-linux-arm/-/esbuild-linux-arm-0.14.8.tgz#e28e70420d187f5e403bfa4a72df676d53d707fd"
  integrity sha1-4o5wQg0Yf15AO/pKct9nbVPXB/0=

esbuild-linux-mips64le@0.14.8:
  version "0.14.8"
  resolved "https://repo.dev.wixpress.com/artifactory/api/npm/npm-repos/esbuild-linux-mips64le/-/esbuild-linux-mips64le-0.14.8.tgz#04997ac1a0df794a4d5e04d78015863d48490590"
  integrity sha1-BJl6waDfeUpNXgTXgBWGPUhJBZA=

esbuild-linux-ppc64le@0.14.8:
  version "0.14.8"
  resolved "https://repo.dev.wixpress.com/artifactory/api/npm/npm-repos/esbuild-linux-ppc64le/-/esbuild-linux-ppc64le-0.14.8.tgz#1827378feff9702c156047ba118c1f3bd74da67e"
  integrity sha1-GCc3j+/5cCwVYEe6EYwfO9dNpn4=

esbuild-linux-s390x@0.14.8:
  version "0.14.8"
  resolved "https://repo.dev.wixpress.com/artifactory/api/npm/npm-repos/esbuild-linux-s390x/-/esbuild-linux-s390x-0.14.8.tgz#200ac44cda59b81135b325c3a29d016969650876"
  integrity sha1-IArETNpZuBE1syXDop0BaWllCHY=

esbuild-netbsd-64@0.14.8:
  version "0.14.8"
  resolved "https://repo.dev.wixpress.com/artifactory/api/npm/npm-repos/esbuild-netbsd-64/-/esbuild-netbsd-64-0.14.8.tgz#8159d8eae111f80ea6e4cbfa5d4cf658388a72d4"
  integrity sha1-gVnY6uER+A6m5Mv6XUz2WDiKctQ=

esbuild-openbsd-64@0.14.8:
  version "0.14.8"
  resolved "https://repo.dev.wixpress.com/artifactory/api/npm/npm-repos/esbuild-openbsd-64/-/esbuild-openbsd-64-0.14.8.tgz#2a9498d881a3ab94927c724f34dd1160eef1f3b8"
  integrity sha1-KpSY2IGjq5SSfHJPNN0RYO7x87g=

esbuild-sunos-64@0.14.8:
  version "0.14.8"
  resolved "https://repo.dev.wixpress.com/artifactory/api/npm/npm-repos/esbuild-sunos-64/-/esbuild-sunos-64-0.14.8.tgz#2447de7d79848ad528c7d44caab4938eb8f5a0cc"
  integrity sha1-JEfefXmEitUox9RMqrSTjrj1oMw=

esbuild-windows-32@0.14.8:
  version "0.14.8"
  resolved "https://repo.dev.wixpress.com/artifactory/api/npm/npm-repos/esbuild-windows-32/-/esbuild-windows-32-0.14.8.tgz#3287281552d7e4c851b3106940ff5826f518043e"
  integrity sha1-MocoFVLX5MhRsxBpQP9YJvUYBD4=

esbuild-windows-64@0.14.8:
  version "0.14.8"
  resolved "https://repo.dev.wixpress.com/artifactory/api/npm/npm-repos/esbuild-windows-64/-/esbuild-windows-64-0.14.8.tgz#b4052868438b4f17b5c2a908cf344ed2bd267c38"
  integrity sha1-tAUoaEOLTxe1wqkIzzRO0r0mfDg=

esbuild-windows-arm64@0.14.8:
  version "0.14.8"
  resolved "https://repo.dev.wixpress.com/artifactory/api/npm/npm-repos/esbuild-windows-arm64/-/esbuild-windows-arm64-0.14.8.tgz#512d06097cb4b848526a37c48a47223f1c6cc667"
  integrity sha1-US0GCXy0uEhSajfEikciPxxsxmc=

esbuild@^0.14.1:
  version "0.14.8"
  resolved "https://repo.dev.wixpress.com/artifactory/api/npm/npm-repos/esbuild/-/esbuild-0.14.8.tgz#f60a07ca9400d61d09a98f96d666c50613972550"
  integrity sha1-9goHypQA1h0JqY+W1mbFBhOXJVA=
  optionalDependencies:
    esbuild-android-arm64 "0.14.8"
    esbuild-darwin-64 "0.14.8"
    esbuild-darwin-arm64 "0.14.8"
    esbuild-freebsd-64 "0.14.8"
    esbuild-freebsd-arm64 "0.14.8"
    esbuild-linux-32 "0.14.8"
    esbuild-linux-64 "0.14.8"
    esbuild-linux-arm "0.14.8"
    esbuild-linux-arm64 "0.14.8"
    esbuild-linux-mips64le "0.14.8"
    esbuild-linux-ppc64le "0.14.8"
    esbuild-linux-s390x "0.14.8"
    esbuild-netbsd-64 "0.14.8"
    esbuild-openbsd-64 "0.14.8"
    esbuild-sunos-64 "0.14.8"
    esbuild-windows-32 "0.14.8"
    esbuild-windows-64 "0.14.8"
    esbuild-windows-arm64 "0.14.8"

"js-tokens@^3.0.0 || ^4.0.0":
  version "4.0.0"
  resolved "https://repo.dev.wixpress.com/artifactory/api/npm/npm-repos/js-tokens/-/js-tokens-4.0.0.tgz#19203fb59991df98e3a287050d4647cdeaf32499"
  integrity sha1-GSA/tZmR35jjoocFDUZHzerzJJk=

loose-envify@^1.1.0:
  version "1.4.0"
  resolved "https://repo.dev.wixpress.com/artifactory/api/npm/npm-repos/loose-envify/-/loose-envify-1.4.0.tgz#71ee51fa7be4caec1a63839f7e682d8132d30caf"
  integrity sha1-ce5R+nvkyuwaY4OffmgtgTLTDK8=
  dependencies:
    js-tokens "^3.0.0 || ^4.0.0"

object-assign@^4.1.1:
  version "4.1.1"
  resolved "https://repo.dev.wixpress.com/artifactory/api/npm/npm-repos/object-assign/-/object-assign-4.1.1.tgz#2109adc7965887cfc05cbbd442cac8bfbb360863"
  integrity sha1-IQmtx5ZYh8/AXLvUQsrIv7s2CGM=

react-reconciler@^0.26.2:
  version "0.26.2"
  resolved "https://repo.dev.wixpress.com/artifactory/api/npm/npm-repos/react-reconciler/-/react-reconciler-0.26.2.tgz#bbad0e2d1309423f76cf3c3309ac6c96e05e9d91"
  integrity sha1-u60OLRMJQj92zzwzCaxsluBenZE=
  dependencies:
    loose-envify "^1.1.0"
    object-assign "^4.1.1"
    scheduler "^0.20.2"

react@^17.0.2:
  version "17.0.2"
  resolved "https://repo.dev.wixpress.com/artifactory/api/npm/npm-repos/react/-/react-17.0.2.tgz#d0b5cc516d29eb3eee383f75b62864cfb6800037"
  integrity sha1-0LXMUW0p6z7uOD91tihkz7aAADc=
  dependencies:
    loose-envify "^1.1.0"
    object-assign "^4.1.1"

scheduler@^0.20.2:
  version "0.20.2"
  resolved "https://repo.dev.wixpress.com/artifactory/api/npm/npm-repos/scheduler/-/scheduler-0.20.2.tgz#4baee39436e34aa93b4874bddcbf0fe8b8b50e91"
  integrity sha1-S67jlDbjSqk7SHS93L8P6Li1DpE=
  dependencies:
    loose-envify "^1.1.0"
    object-assign "^4.1.1"

typescript@^4.5.2:
  version "4.5.4"
  resolved "https://repo.dev.wixpress.com/artifactory/api/npm/npm-repos/typescript/-/typescript-4.5.4.tgz#a17d3a0263bf5c8723b9c52f43c5084edf13c2e8"
  integrity sha1-oX06AmO/XIcjucUvQ8UITt8Twug=
