# This file is generated by running "yarn install" inside your project.
# Manual changes might be lost - proceed with caution!

__metadata:
  version: 5
  cacheKey: 8

"@types/node@npm:^16.11.10":
  version: 16.11.17
  resolution: "@types/node@npm:16.11.17"
  checksum: 86ed84f79450f6aba1a6ef09f8407c10076966c3cc7cc4eb3d35b8ae4f47817e525641396ef0a667fa0a88fcdf484f6182812c074601403083bdf3b5e1ac0313
  languageName: node
  linkType: hard

"@types/prop-types@npm:*":
  version: 15.7.4
  resolution: "@types/prop-types@npm:15.7.4"
  checksum: ef6e1899e59b876c273811b1bd845022fc66d5a3d11cb38a25b6c566b30514ae38fe20a40f67622f362a4f4f7f9224e22d8da101cff3d6e97e11d7b4c307cfc1
  languageName: node
  linkType: hard

"@types/react-reconciler@npm:^0.26.4":
  version: 0.26.4
  resolution: "@types/react-reconciler@npm:0.26.4"
  dependencies:
    "@types/react": "*"
  checksum: 5ebb72f8aa70824b69030ae7f4c21828c0fb5c1cc5873a606eb7f7ac50cf5dd52502edcd32bf1eead2f149d076ee1798c86f1ffaebfa8b31d523343368d351e0
  languageName: node
  linkType: hard

"@types/react@npm:*, @types/react@npm:^17.0.37":
  version: 17.0.38
  resolution: "@types/react@npm:17.0.38"
  dependencies:
    "@types/prop-types": "*"
    "@types/scheduler": "*"
    csstype: ^3.0.2
  checksum: 4079f4f959cd4a4bfaeda8b89fe8a1b1f8bdc9d87acfdc5f74a0b39cec9ec6a470724357c62778c0f063180b360c250e920c5a142f1dbcda67d9cc25a6d43a85
  languageName: node
  linkType: hard

"@types/scheduler@npm:*":
  version: 0.16.2
  resolution: "@types/scheduler@npm:0.16.2"
  checksum: b6b4dcfeae6deba2e06a70941860fb1435730576d3689225a421280b7742318d1548b3d22c1f66ab68e414f346a9542f29240bc955b6332c5b11e561077583bc
  languageName: node
  linkType: hard

"@wix/react-velo@workspace:packages/reconciler":
  version: 0.0.0-use.local
  resolution: "@wix/react-velo@workspace:packages/reconciler"
  dependencies:
    "@types/node": ^16.11.10
    "@types/react": ^17.0.37
    "@types/react-reconciler": ^0.26.4
    esbuild: ^0.14.1
    react: ^17.0.2
    react-reconciler: ^0.26.2
    typescript: ^4.5.2
  languageName: unknown
  linkType: soft

"csstype@npm:^3.0.2":
  version: 3.0.10
  resolution: "csstype@npm:3.0.10"
  checksum: 20a8fa324f2b33ddf94aa7507d1b6ab3daa6f3cc308888dc50126585d7952f2471de69b2dbe0635d1fdc31223fef8e070842691877e725caf456e2378685a631
  languageName: node
  linkType: hard

"esbuild-android-arm64@npm:0.14.8":
  version: 0.14.8
  resolution: "esbuild-android-arm64@npm:0.14.8"
  conditions: os=android & cpu=arm64
  languageName: node
  linkType: hard

"esbuild-darwin-64@npm:0.14.8":
  version: 0.14.8
  resolution: "esbuild-darwin-64@npm:0.14.8"
  conditions: os=darwin & cpu=x64
  languageName: node
  linkType: hard

"esbuild-darwin-arm64@npm:0.14.8":
  version: 0.14.8
  resolution: "esbuild-darwin-arm64@npm:0.14.8"
  conditions: os=darwin & cpu=arm64
  languageName: node
  linkType: hard

"esbuild-freebsd-64@npm:0.14.8":
  version: 0.14.8
  resolution: "esbuild-freebsd-64@npm:0.14.8"
  conditions: os=freebsd & cpu=x64
  languageName: node
  linkType: hard

"esbuild-freebsd-arm64@npm:0.14.8":
  version: 0.14.8
  resolution: "esbuild-freebsd-arm64@npm:0.14.8"
  conditions: os=freebsd & cpu=arm64
  languageName: node
  linkType: hard

"esbuild-linux-32@npm:0.14.8":
  version: 0.14.8
  resolution: "esbuild-linux-32@npm:0.14.8"
  conditions: os=linux & cpu=ia32
  languageName: node
  linkType: hard

"esbuild-linux-64@npm:0.14.8":
  version: 0.14.8
  resolution: "esbuild-linux-64@npm:0.14.8"
  conditions: os=linux & cpu=x64
  languageName: node
  linkType: hard

"esbuild-linux-arm64@npm:0.14.8":
  version: 0.14.8
  resolution: "esbuild-linux-arm64@npm:0.14.8"
  conditions: os=linux & cpu=arm64
  languageName: node
  linkType: hard

"esbuild-linux-arm@npm:0.14.8":
  version: 0.14.8
  resolution: "esbuild-linux-arm@npm:0.14.8"
  conditions: os=linux & cpu=arm
  languageName: node
  linkType: hard

"esbuild-linux-mips64le@npm:0.14.8":
  version: 0.14.8
  resolution: "esbuild-linux-mips64le@npm:0.14.8"
  conditions: os=linux & cpu=mips64el
  languageName: node
  linkType: hard

"esbuild-linux-ppc64le@npm:0.14.8":
  version: 0.14.8
  resolution: "esbuild-linux-ppc64le@npm:0.14.8"
  conditions: os=linux & cpu=ppc64
  languageName: node
  linkType: hard

"esbuild-linux-s390x@npm:0.14.8":
  version: 0.14.8
  resolution: "esbuild-linux-s390x@npm:0.14.8"
  conditions: os=linux & cpu=s390x
  languageName: node
  linkType: hard

"esbuild-netbsd-64@npm:0.14.8":
  version: 0.14.8
  resolution: "esbuild-netbsd-64@npm:0.14.8"
  conditions: os=netbsd & cpu=x64
  languageName: node
  linkType: hard

"esbuild-openbsd-64@npm:0.14.8":
  version: 0.14.8
  resolution: "esbuild-openbsd-64@npm:0.14.8"
  conditions: os=openbsd & cpu=x64
  languageName: node
  linkType: hard

"esbuild-sunos-64@npm:0.14.8":
  version: 0.14.8
  resolution: "esbuild-sunos-64@npm:0.14.8"
  conditions: os=sunos & cpu=x64
  languageName: node
  linkType: hard

"esbuild-windows-32@npm:0.14.8":
  version: 0.14.8
  resolution: "esbuild-windows-32@npm:0.14.8"
  conditions: os=win32 & cpu=ia32
  languageName: node
  linkType: hard

"esbuild-windows-64@npm:0.14.8":
  version: 0.14.8
  resolution: "esbuild-windows-64@npm:0.14.8"
  conditions: os=win32 & cpu=x64
  languageName: node
  linkType: hard

"esbuild-windows-arm64@npm:0.14.8":
  version: 0.14.8
  resolution: "esbuild-windows-arm64@npm:0.14.8"
  conditions: os=win32 & cpu=arm64
  languageName: node
  linkType: hard

"esbuild@npm:^0.14.1":
  version: 0.14.8
  resolution: "esbuild@npm:0.14.8"
  dependencies:
    esbuild-android-arm64: 0.14.8
    esbuild-darwin-64: 0.14.8
    esbuild-darwin-arm64: 0.14.8
    esbuild-freebsd-64: 0.14.8
    esbuild-freebsd-arm64: 0.14.8
    esbuild-linux-32: 0.14.8
    esbuild-linux-64: 0.14.8
    esbuild-linux-arm: 0.14.8
    esbuild-linux-arm64: 0.14.8
    esbuild-linux-mips64le: 0.14.8
    esbuild-linux-ppc64le: 0.14.8
    esbuild-linux-s390x: 0.14.8
    esbuild-netbsd-64: 0.14.8
    esbuild-openbsd-64: 0.14.8
    esbuild-sunos-64: 0.14.8
    esbuild-windows-32: 0.14.8
    esbuild-windows-64: 0.14.8
    esbuild-windows-arm64: 0.14.8
  dependenciesMeta:
    esbuild-android-arm64:
      optional: true
    esbuild-darwin-64:
      optional: true
    esbuild-darwin-arm64:
      optional: true
    esbuild-freebsd-64:
      optional: true
    esbuild-freebsd-arm64:
      optional: true
    esbuild-linux-32:
      optional: true
    esbuild-linux-64:
      optional: true
    esbuild-linux-arm:
      optional: true
    esbuild-linux-arm64:
      optional: true
    esbuild-linux-mips64le:
      optional: true
    esbuild-linux-ppc64le:
      optional: true
    esbuild-linux-s390x:
      optional: true
    esbuild-netbsd-64:
      optional: true
    esbuild-openbsd-64:
      optional: true
    esbuild-sunos-64:
      optional: true
    esbuild-windows-32:
      optional: true
    esbuild-windows-64:
      optional: true
    esbuild-windows-arm64:
      optional: true
  bin:
    esbuild: bin/esbuild
  checksum: f47e90268a2230154cb092e8ae1e32f543b2930c261d8fe91953256f150b9d2fa4ec9d0929a898b1d0dbeb568d3906b504383ea21c24830c3346ba42f0802300
  languageName: node
  linkType: hard

"js-tokens@npm:^3.0.0 || ^4.0.0":
  version: 4.0.0
  resolution: "js-tokens@npm:4.0.0"
  checksum: 8a95213a5a77deb6cbe94d86340e8d9ace2b93bc367790b260101d2f36a2eaf4e4e22d9fa9cf459b38af3a32fb4190e638024cf82ec95ef708680e405ea7cc78
  languageName: node
  linkType: hard

"loose-envify@npm:^1.1.0":
  version: 1.4.0
  resolution: "loose-envify@npm:1.4.0"
  dependencies:
    js-tokens: ^3.0.0 || ^4.0.0
  bin:
    loose-envify: cli.js
  checksum: 6517e24e0cad87ec9888f500c5b5947032cdfe6ef65e1c1936a0c48a524b81e65542c9c3edc91c97d5bddc806ee2a985dbc79be89215d613b1de5db6d1cfe6f4
  languageName: node
  linkType: hard

"object-assign@npm:^4.1.1":
  version: 4.1.1
  resolution: "object-assign@npm:4.1.1"
  checksum: fcc6e4ea8c7fe48abfbb552578b1c53e0d194086e2e6bbbf59e0a536381a292f39943c6e9628af05b5528aa5e3318bb30d6b2e53cadaf5b8fe9e12c4b69af23f
  languageName: node
  linkType: hard

"react-reconciler@npm:^0.26.2":
  version: 0.26.2
  resolution: "react-reconciler@npm:0.26.2"
  dependencies:
    loose-envify: ^1.1.0
    object-assign: ^4.1.1
    scheduler: ^0.20.2
  peerDependencies:
    react: ^17.0.2
  checksum: 2ebceace56f547f51eaf142becefef9cca980eae4f42d90ee5a966f54a375f5082d78b71b00c40bbd9bca69e0e0f698c7d4e81cc7373437caa19831fddc1d01b
  languageName: node
  linkType: hard

"react-velo-mono-repo@workspace:.":
  version: 0.0.0-use.local
  resolution: "react-velo-mono-repo@workspace:."
  languageName: unknown
  linkType: soft

"react@npm:^17.0.2":
  version: 17.0.2
  resolution: "react@npm:17.0.2"
  dependencies:
    loose-envify: ^1.1.0
    object-assign: ^4.1.1
  checksum: b254cc17ce3011788330f7bbf383ab653c6848902d7936a87b09d835d091e3f295f7e9dd1597c6daac5dc80f90e778c8230218ba8ad599f74adcc11e33b9d61b
  languageName: node
  linkType: hard

"scheduler@npm:^0.20.2":
  version: 0.20.2
  resolution: "scheduler@npm:0.20.2"
  dependencies:
    loose-envify: ^1.1.0
    object-assign: ^4.1.1
  checksum: c4b35cf967c8f0d3e65753252d0f260271f81a81e427241295c5a7b783abf4ea9e905f22f815ab66676f5313be0a25f47be582254db8f9241b259213e999b8fc
  languageName: node
  linkType: hard

"typescript@npm:^4.5.2":
  version: 4.5.4
  resolution: "typescript@npm:4.5.4"
  bin:
    tsc: bin/tsc
    tsserver: bin/tsserver
  checksum: 59f3243f9cd6fe3161e6150ff6bf795fc843b4234a655dbd938a310515e0d61afd1ac942799e7415e4334255e41c2c49b7dd5d9fd38a17acd25a6779ca7e0961
  languageName: node
  linkType: hard

"typescript@patch:typescript@^4.5.2#~builtin<compat/typescript>":
  version: 4.5.4
  resolution: "typescript@patch:typescript@npm%3A4.5.4#~builtin<compat/typescript>::version=4.5.4&hash=493e53"
  bin:
    tsc: bin/tsc
    tsserver: bin/tsserver
  checksum: 2e488dde7d2c4a2fa2e79cf2470600f8ce81bc0563c276b72df8ff412d74456ae532ba824650ae936ce207440c79720ddcfaa25e3cb4477572b8534fa4e34d49
  languageName: node
  linkType: hard
